Microsoft Visual Studio Solution File, Format Version 12.00
# Visual Studio Version 17
VisualStudioVersion = 17.5.2.0
MinimumVisualStudioVersion = 10.0.40219.1
Project("{FAE04EC0-301F-11D3-BF4B-00C04F79EFBC}") = "ServidorLocal", "ServidorLocal.csproj", "{F509FCF9-D4EA-068C-9920-78D0FC56CE6F}"
EndProject
Global
	GlobalSection(SolutionConfigurationPlatforms) = preSolution
		Debug|Any CPU = Debug|Any CPU
		Release|Any CPU = Release|Any CPU
	EndGlobalSection
	GlobalSection(ProjectConfigurationPlatforms) = postSolution
		{F509FCF9-D4EA-068C-9920-78D0FC56CE6F}.Debug|Any CPU.ActiveCfg = Debug|Any CPU
		{F509FCF9-D4EA-068C-9920-78D0FC56CE6F}.Debug|Any CPU.Build.0 = Debug|Any CPU
		{F509FCF9-D4EA-068C-9920-78D0FC56CE6F}.Release|Any CPU.ActiveCfg = Release|Any CPU
		{F509FCF9-D4EA-068C-9920-78D0FC56CE6F}.Release|Any CPU.Build.0 = Release|Any CPU
	EndGlobalSection
	GlobalSection(SolutionProperties) = preSolution
		HideSolutionNode = FALSE
	EndGlobalSection
	GlobalSection(ExtensibilityGlobals) = postSolution
		SolutionGuid = {BF36A8D2-6E23-4F64-92A9-08611F45AB27}
	EndGlobalSection
EndGlobal
